// !$*UTF8*$!
{
	archiveVersion = 1;
	classes = {
	};
	objectVersion = 77;
	objects = {

/* Begin PBXBuildFile section */
		F11F1C992D25384600A1DE10 /* PlanktonQuizApp.swift in Sources */ = {isa = PBXBuildFile; fileRef = F11F1C8B2D25384600A1DE10 /* PlanktonQuizApp.swift */; };
		F11F1C9A2D25384600A1DE10 /* View+.swift in Sources */ = {isa = PBXBuildFile; fileRef = F11F1C8E2D25384600A1DE10 /* View+.swift */; };
		F11F1C9B2D25384600A1DE10 /* QuizView.swift in Sources */ = {isa = PBXBuildFile; fileRef = F11F1C922D25384600A1DE10 /* QuizView.swift */; };
		F11F1C9C2D25384600A1DE10 /* ScoreView.swift in Sources */ = {isa = PBXBuildFile; fileRef = F11F1C932D25384600A1DE10 /* ScoreView.swift */; };
		F11F1C9D2D25384600A1DE10 /* StartView.swift in Sources */ = {isa = PBXBuildFile; fileRef = F11F1C942D25384600A1DE10 /* StartView.swift */; };
		F11F1C9E2D25384600A1DE10 /* StrokeBackground.swift in Sources */ = {isa = PBXBuildFile; fileRef = F11F1C952D25384600A1DE10 /* StrokeBackground.swift */; };
		F11F1C9F2D25384600A1DE10 /* Preview Assets.xcassets in Resources */ = {isa = PBXBuildFile; fileRef = F11F1C902D25384600A1DE10 /* Preview Assets.xcassets */; };
		F11F1CA02D25384600A1DE10 /* Assets.xcassets in Resources */ = {isa = PBXBuildFile; fileRef = F11F1C972D25384600A1DE10 /* Assets.xcassets */; };
		F11F1CA22D25398E00A1DE10 /* QuizData.swift in Sources */ = {isa = PBXBuildFile; fileRef = F11F1CA12D25398E00A1DE10 /* QuizData.swift */; };
		F11F1CA52D2560B300A1DE10 /* LaunchScreen.storyboard in Resources */ = {isa = PBXBuildFile; fileRef = F11F1CA42D2560B300A1DE10 /* LaunchScreen.storyboard */; };
		F11F1CAC2D2AC59700A1DE10 /* GenreSelectionView.swift in Sources */ = {isa = PBXBuildFile; fileRef = F11F1CAB2D2AC59700A1DE10 /* GenreSelectionView.swift */; };
		F11F1CAF2D2AC8E000A1DE10 /* QuizItem.swift in Sources */ = {isa = PBXBuildFile; fileRef = F11F1CAE2D2AC8E000A1DE10 /* QuizItem.swift */; };
/* End PBXBuildFile section */

/* Begin PBXFileReference section */
		F11F1C6A2D24FE1F00A1DE10 /* PlanktonQuiz.app */ = {isa = PBXFileReference; explicitFileType = wrapper.application; includeInIndex = 0; path = PlanktonQuiz.app; sourceTree = BUILT_PRODUCTS_DIR; };
		F11F1C8B2D25384600A1DE10 /* PlanktonQuizApp.swift */ = {isa = PBXFileReference; lastKnownFileType = sourcecode.swift; path = PlanktonQuizApp.swift; sourceTree = "<group>"; };
		F11F1C8E2D25384600A1DE10 /* View+.swift */ = {isa = PBXFileReference; lastKnownFileType = sourcecode.swift; path = "View+.swift"; sourceTree = "<group>"; };
		F11F1C902D25384600A1DE10 /* Preview Assets.xcassets */ = {isa = PBXFileReference; lastKnownFileType = folder.assetcatalog; path = "Preview Assets.xcassets"; sourceTree = "<group>"; };
		F11F1C922D25384600A1DE10 /* QuizView.swift */ = {isa = PBXFileReference; lastKnownFileType = sourcecode.swift; path = QuizView.swift; sourceTree = "<group>"; };
		F11F1C932D25384600A1DE10 /* ScoreView.swift */ = {isa = PBXFileReference; lastKnownFileType = sourcecode.swift; path = ScoreView.swift; sourceTree = "<group>"; };
		F11F1C942D25384600A1DE10 /* StartView.swift */ = {isa = PBXFileReference; lastKnownFileType = sourcecode.swift; path = StartView.swift; sourceTree = "<group>"; };
		F11F1C952D25384600A1DE10 /* StrokeBackground.swift */ = {isa = PBXFileReference; lastKnownFileType = sourcecode.swift; path = StrokeBackground.swift; sourceTree = "<group>"; };
		F11F1C972D25384600A1DE10 /* Assets.xcassets */ = {isa = PBXFileReference; lastKnownFileType = folder.assetcatalog; path = Assets.xcassets; sourceTree = "<group>"; };
		F11F1CA12D25398E00A1DE10 /* QuizData.swift */ = {isa = PBXFileReference; lastKnownFileType = sourcecode.swift; path = QuizData.swift; sourceTree = "<group>"; };
		F11F1CA42D2560B300A1DE10 /* LaunchScreen.storyboard */ = {isa = PBXFileReference; lastKnownFileType = file.storyboard; path = LaunchScreen.storyboard; sourceTree = "<group>"; };
		F11F1CAA2D258B0300A1DE10 /* Info.plist */ = {isa = PBXFileReference; lastKnownFileType = text.plist; path = Info.plist; sourceTree = "<group>"; };
		F11F1CAB2D2AC59700A1DE10 /* GenreSelectionView.swift */ = {isa = PBXFileReference; lastKnownFileType = sourcecode.swift; path = GenreSelectionView.swift; sourceTree = "<group>"; };
		F11F1CAE2D2AC8E000A1DE10 /* QuizItem.swift */ = {isa = PBXFileReference; lastKnownFileType = sourcecode.swift; path = QuizItem.swift; sourceTree = "<group>"; };
/* End PBXFileReference section */

/* Begin PBXFrameworksBuildPhase section */
		F11F1C672D24FE1F00A1DE10 /* Frameworks */ = {
			isa = PBXFrameworksBuildPhase;
			buildActionMask = 2147483647;
			files = (
			);
			runOnlyForDeploymentPostprocessing = 0;
		};
/* End PBXFrameworksBuildPhase section */

/* Begin PBXGroup section */
		F11F1C612D24FE1E00A1DE10 = {
			isa = PBXGroup;
			children = (
				F11F1C982D25384600A1DE10 /* PlanktonQuiz */,
				F11F1C6B2D24FE1F00A1DE10 /* Products */,
			);
			sourceTree = "<group>";
		};
		F11F1C6B2D24FE1F00A1DE10 /* Products */ = {
			isa = PBXGroup;
			children = (
				F11F1C6A2D24FE1F00A1DE10 /* PlanktonQuiz.app */,
			);
			name = Products;
			sourceTree = "<group>";
		};
		F11F1C8C2D25384600A1DE10 /* Apps */ = {
			isa = PBXGroup;
			children = (
				F11F1C8B2D25384600A1DE10 /* PlanktonQuizApp.swift */,
			);
			path = Apps;
			sourceTree = "<group>";
		};
		F11F1C8D2D25384600A1DE10 /* ConstantData */ = {
			isa = PBXGroup;
			children = (
				F11F1CA12D25398E00A1DE10 /* QuizData.swift */,
			);
			path = ConstantData;
			sourceTree = "<group>";
		};
		F11F1C8F2D25384600A1DE10 /* Extensions */ = {
			isa = PBXGroup;
			children = (
				F11F1C8E2D25384600A1DE10 /* View+.swift */,
			);
			path = Extensions;
			sourceTree = "<group>";
		};
		F11F1C912D25384600A1DE10 /* Preview Content */ = {
			isa = PBXGroup;
			children = (
				F11F1C902D25384600A1DE10 /* Preview Assets.xcassets */,
			);
			path = "Preview Content";
			sourceTree = "<group>";
		};
		F11F1C962D25384600A1DE10 /* Views */ = {
			isa = PBXGroup;
			children = (
				F11F1C922D25384600A1DE10 /* QuizView.swift */,
				F11F1C932D25384600A1DE10 /* ScoreView.swift */,
				F11F1C942D25384600A1DE10 /* StartView.swift */,
				F11F1C952D25384600A1DE10 /* StrokeBackground.swift */,
				F11F1CAB2D2AC59700A1DE10 /* GenreSelectionView.swift */,
			);
			path = Views;
			sourceTree = "<group>";
		};
		F11F1C982D25384600A1DE10 /* PlanktonQuiz */ = {
			isa = PBXGroup;
			children = (
				F11F1CAA2D258B0300A1DE10 /* Info.plist */,
				F11F1C8C2D25384600A1DE10 /* Apps */,
				F11F1C962D25384600A1DE10 /* Views */,
				F11F1CAD2D2AC89F00A1DE10 /* Models */,
				F11F1C8F2D25384600A1DE10 /* Extensions */,
				F11F1C8D2D25384600A1DE10 /* ConstantData */,
				F11F1CA32D25604B00A1DE10 /* Storyboards */,
				F11F1C912D25384600A1DE10 /* Preview Content */,
				F11F1C972D25384600A1DE10 /* Assets.xcassets */,
			);
			path = PlanktonQuiz;
			sourceTree = "<group>";
		};
		F11F1CA32D25604B00A1DE10 /* Storyboards */ = {
			isa = PBXGroup;
			children = (
				F11F1CA42D2560B300A1DE10 /* LaunchScreen.storyboard */,
			);
			path = Storyboards;
			sourceTree = "<group>";
		};
		F11F1CAD2D2AC89F00A1DE10 /* Models */ = {
			isa = PBXGroup;
			children = (
				F11F1CAE2D2AC8E000A1DE10 /* QuizItem.swift */,
			);
			path = Models;
			sourceTree = "<group>";
		};
/* End PBXGroup section */

/* Begin PBXNativeTarget section */
		F11F1C692D24FE1F00A1DE10 /* PlanktonQuiz */ = {
			isa = PBXNativeTarget;
			buildConfigurationList = F11F1C782D24FE2100A1DE10 /* Build configuration list for PBXNativeTarget "PlanktonQuiz" */;
			buildPhases = (
				F11F1C662D24FE1F00A1DE10 /* Sources */,
				F11F1C672D24FE1F00A1DE10 /* Frameworks */,
				F11F1C682D24FE1F00A1DE10 /* Resources */,
			);
			buildRules = (
			);
			dependencies = (
			);
			name = PlanktonQuiz;
			packageProductDependencies = (
			);
			productName = PlanktonQuiz;
			productReference = F11F1C6A2D24FE1F00A1DE10 /* PlanktonQuiz.app */;
			productType = "com.apple.product-type.application";
		};
/* End PBXNativeTarget section */

/* Begin PBXProject section */
		F11F1C622D24FE1E00A1DE10 /* Project object */ = {
			isa = PBXProject;
			attributes = {
				BuildIndependentTargetsInParallel = 1;
				LastSwiftUpdateCheck = 1620;
				LastUpgradeCheck = 1620;
				TargetAttributes = {
					F11F1C692D24FE1F00A1DE10 = {
						CreatedOnToolsVersion = 16.2;
					};
				};
			};
			buildConfigurationList = F11F1C652D24FE1E00A1DE10 /* Build configuration list for PBXProject "PlanktonQuiz" */;
			developmentRegion = en;
			hasScannedForEncodings = 0;
			knownRegions = (
				en,
				Base,
			);
			mainGroup = F11F1C612D24FE1E00A1DE10;
			minimizedProjectReferenceProxies = 1;
			preferredProjectObjectVersion = 77;
			productRefGroup = F11F1C6B2D24FE1F00A1DE10 /* Products */;
			projectDirPath = "";
			projectRoot = "";
			targets = (
				F11F1C692D24FE1F00A1DE10 /* PlanktonQuiz */,
			);
		};
/* End PBXProject section */

/* Begin PBXResourcesBuildPhase section */
		F11F1C682D24FE1F00A1DE10 /* Resources */ = {
			isa = PBXResourcesBuildPhase;
			buildActionMask = 2147483647;
			files = (
				F11F1CA52D2560B300A1DE10 /* LaunchScreen.storyboard in Resources */,
				F11F1C9F2D25384600A1DE10 /* Preview Assets.xcassets in Resources */,
				F11F1CA02D25384600A1DE10 /* Assets.xcassets in Resources */,
			);
			runOnlyForDeploymentPostprocessing = 0;
		};
/* End PBXResourcesBuildPhase section */

/* Begin PBXSourcesBuildPhase section */
		F11F1C662D24FE1F00A1DE10 /* Sources */ = {
			isa = PBXSourcesBuildPhase;
			buildActionMask = 2147483647;
			files = (
				F11F1CA22D25398E00A1DE10 /* QuizData.swift in Sources */,
				F11F1C992D25384600A1DE10 /* PlanktonQuizApp.swift in Sources */,
				F11F1C9A2D25384600A1DE10 /* View+.swift in Sources */,
				F11F1C9B2D25384600A1DE10 /* QuizView.swift in Sources */,
				F11F1C9C2D25384600A1DE10 /* ScoreView.swift in Sources */,
				F11F1CAC2D2AC59700A1DE10 /* GenreSelectionView.swift in Sources */,
				F11F1CAF2D2AC8E000A1DE10 /* QuizItem.swift in Sources */,
				F11F1C9D2D25384600A1DE10 /* StartView.swift in Sources */,
				F11F1C9E2D25384600A1DE10 /* StrokeBackground.swift in Sources */,
			);
			runOnlyForDeploymentPostprocessing = 0;
		};
/* End PBXSourcesBuildPhase section */

/* Begin XCBuildConfiguration section */
		F11F1C762D24FE2100A1DE10 /* Debug */ = {
			isa = XCBuildConfiguration;
			buildSettings = {
				ALWAYS_SEARCH_USER_PATHS = NO;
				ASSETCATALOG_COMPILER_GENERATE_SWIFT_ASSET_SYMBOL_EXTENSIONS = YES;
				CLANG_ANALYZER_NONNULL = YES;
				CLANG_ANALYZER_NUMBER_OBJECT_CONVERSION = YES_AGGRESSIVE;
				CLANG_CXX_LANGUAGE_STANDARD = "gnu++20";
				CLANG_ENABLE_MODULES = YES;
				CLANG_ENABLE_OBJC_ARC = YES;
				CLANG_ENABLE_OBJC_WEAK = YES;
				CLANG_WARN_BLOCK_CAPTURE_AUTORELEASING = YES;
				CLANG_WARN_BOOL_CONVERSION = YES;
				CLANG_WARN_COMMA = YES;
				CLANG_WARN_CONSTANT_CONVERSION = YES;
				CLANG_WARN_DEPRECATED_OBJC_IMPLEMENTATIONS = YES;
				CLANG_WARN_DIRECT_OBJC_ISA_USAGE = YES_ERROR;
				CLANG_WARN_DOCUMENTATION_COMMENTS = YES;
				CLANG_WARN_EMPTY_BODY = YES;
				CLANG_WARN_ENUM_CONVERSION = YES;
				CLANG_WARN_INFINITE_RECURSION = YES;
				CLANG_WARN_INT_CONVERSION = YES;
				CLANG_WARN_NON_LITERAL_NULL_CONVERSION = YES;
				CLANG_WARN_OBJC_IMPLICIT_RETAIN_SELF = YES;
				CLANG_WARN_OBJC_LITERAL_CONVERSION = YES;
				CLANG_WARN_OBJC_ROOT_CLASS = YES_ERROR;
				CLANG_WARN_QUOTED_INCLUDE_IN_FRAMEWORK_HEADER = YES;
				CLANG_WARN_RANGE_LOOP_ANALYSIS = YES;
				CLANG_WARN_STRICT_PROTOTYPES = YES;
				CLANG_WARN_SUSPICIOUS_MOVE = YES;
				CLANG_WARN_UNGUARDED_AVAILABILITY = YES_AGGRESSIVE;
				CLANG_WARN_UNREACHABLE_CODE = YES;
				CLANG_WARN__DUPLICATE_METHOD_MATCH = YES;
				COPY_PHASE_STRIP = NO;
				DEBUG_INFORMATION_FORMAT = dwarf;
				ENABLE_STRICT_OBJC_MSGSEND = YES;
				ENABLE_TESTABILITY = YES;
				ENABLE_USER_SCRIPT_SANDBOXING = YES;
				GCC_C_LANGUAGE_STANDARD = gnu17;
				GCC_DYNAMIC_NO_PIC = NO;
				GCC_NO_COMMON_BLOCKS = YES;
				GCC_OPTIMIZATION_LEVEL = 0;
				GCC_PREPROCESSOR_DEFINITIONS = (
					"DEBUG=1",
					"$(inherited)",
				);
				GCC_WARN_64_TO_32_BIT_CONVERSION = YES;
				GCC_WARN_ABOUT_RETURN_TYPE = YES_ERROR;
				GCC_WARN_UNDECLARED_SELECTOR = YES;
				GCC_WARN_UNINITIALIZED_AUTOS = YES_AGGRESSIVE;
				GCC_WARN_UNUSED_FUNCTION = YES;
				GCC_WARN_UNUSED_VARIABLE = YES;
				IPHONEOS_DEPLOYMENT_TARGET = 18.2;
				LOCALIZATION_PREFERS_STRING_CATALOGS = YES;
				MTL_ENABLE_DEBUG_INFO = INCLUDE_SOURCE;
				MTL_FAST_MATH = YES;
				ONLY_ACTIVE_ARCH = YES;
				SDKROOT = iphoneos;
				SWIFT_ACTIVE_COMPILATION_CONDITIONS = "DEBUG $(inherited)";
				SWIFT_OPTIMIZATION_LEVEL = "-Onone";
			};
			name = Debug;
		};
		F11F1C772D24FE2100A1DE10 /* Release */ = {
			isa = XCBuildConfiguration;
			buildSettings = {
				ALWAYS_SEARCH_USER_PATHS = NO;
				ASSETCATALOG_COMPILER_GENERATE_SWIFT_ASSET_SYMBOL_EXTENSIONS = YES;
				CLANG_ANALYZER_NONNULL = YES;
				CLANG_ANALYZER_NUMBER_OBJECT_CONVERSION = YES_AGGRESSIVE;
				CLANG_CXX_LANGUAGE_STANDARD = "gnu++20";
				CLANG_ENABLE_MODULES = YES;
				CLANG_ENABLE_OBJC_ARC = YES;
				CLANG_ENABLE_OBJC_WEAK = YES;
				CLANG_WARN_BLOCK_CAPTURE_AUTORELEASING = YES;
				CLANG_WARN_BOOL_CONVERSION = YES;
				CLANG_WARN_COMMA = YES;
				CLANG_WARN_CONSTANT_CONVERSION = YES;
				CLANG_WARN_DEPRECATED_OBJC_IMPLEMENTATIONS = YES;
				CLANG_WARN_DIRECT_OBJC_ISA_USAGE = YES_ERROR;
				CLANG_WARN_DOCUMENTATION_COMMENTS = YES;
				CLANG_WARN_EMPTY_BODY = YES;
				CLANG_WARN_ENUM_CONVERSION = YES;
				CLANG_WARN_INFINITE_RECURSION = YES;
				CLANG_WARN_INT_CONVERSION = YES;
				CLANG_WARN_NON_LITERAL_NULL_CONVERSION = YES;
				CLANG_WARN_OBJC_IMPLICIT_RETAIN_SELF = YES;
				CLANG_WARN_OBJC_LITERAL_CONVERSION = YES;
				CLANG_WARN_OBJC_ROOT_CLASS = YES_ERROR;
				CLANG_WARN_QUOTED_INCLUDE_IN_FRAMEWORK_HEADER = YES;
				CLANG_WARN_RANGE_LOOP_ANALYSIS = YES;
				CLANG_WARN_STRICT_PROTOTYPES = YES;
				CLANG_WARN_SUSPICIOUS_MOVE = YES;
				CLANG_WARN_UNGUARDED_AVAILABILITY = YES_AGGRESSIVE;
				CLANG_WARN_UNREACHABLE_CODE = YES;
				CLANG_WARN__DUPLICATE_METHOD_MATCH = YES;
				COPY_PHASE_STRIP = NO;
				DEBUG_INFORMATION_FORMAT = "dwarf-with-dsym";
				ENABLE_NS_ASSERTIONS = NO;
				ENABLE_STRICT_OBJC_MSGSEND = YES;
				ENABLE_USER_SCRIPT_SANDBOXING = YES;
				GCC_C_LANGUAGE_STANDARD = gnu17;
				GCC_NO_COMMON_BLOCKS = YES;
				GCC_WARN_64_TO_32_BIT_CONVERSION = YES;
				GCC_WARN_ABOUT_RETURN_TYPE = YES_ERROR;
				GCC_WARN_UNDECLARED_SELECTOR = YES;
				GCC_WARN_UNINITIALIZED_AUTOS = YES_AGGRESSIVE;
				GCC_WARN_UNUSED_FUNCTION = YES;
				GCC_WARN_UNUSED_VARIABLE = YES;
				IPHONEOS_DEPLOYMENT_TARGET = 18.2;
				LOCALIZATION_PREFERS_STRING_CATALOGS = YES;
				MTL_ENABLE_DEBUG_INFO = NO;
				MTL_FAST_MATH = YES;
				SDKROOT = iphoneos;
				SWIFT_COMPILATION_MODE = wholemodule;
				VALIDATE_PRODUCT = YES;
			};
			name = Release;
		};
		F11F1C792D24FE2100A1DE10 /* Debug */ = {
			isa = XCBuildConfiguration;
			buildSettings = {
				ASSETCATALOG_COMPILER_APPICON_NAME = AppIcon;
				ASSETCATALOG_COMPILER_GLOBAL_ACCENT_COLOR_NAME = AccentColor;
				CODE_SIGN_STYLE = Automatic;
				CURRENT_PROJECT_VERSION = 1.0.0;
				DEVELOPMENT_ASSET_PATHS = "\"PlanktonQuiz/Preview Content\"";
				DEVELOPMENT_TEAM = 6736RV7AWW;
				ENABLE_PREVIEWS = YES;
				GENERATE_INFOPLIST_FILE = YES;
				INFOPLIST_FILE = PlanktonQuiz/Info.plist;
				INFOPLIST_KEY_CFBundleDisplayName = "プランクトンクイズ";
				INFOPLIST_KEY_LSApplicationCategoryType = "public.app-category.education";
				INFOPLIST_KEY_UIApplicationSceneManifest_Generation = YES;
				INFOPLIST_KEY_UIApplicationSupportsIndirectInputEvents = YES;
				INFOPLIST_KEY_UILaunchScreen_Generation = YES;
				INFOPLIST_KEY_UILaunchStoryboardName = LaunchScreen;
				INFOPLIST_KEY_UISupportedInterfaceOrientations = UIInterfaceOrientationPortrait;
				INFOPLIST_KEY_UISupportedInterfaceOrientations_iPad = "UIInterfaceOrientationLandscapeLeft UIInterfaceOrientationLandscapeRight UIInterfaceOrientationPortrait UIInterfaceOrientationPortraitUpsideDown";
				INFOPLIST_KEY_UIUserInterfaceStyle = Light;
				IPHONEOS_DEPLOYMENT_TARGET = 17.0;
				LD_RUNPATH_SEARCH_PATHS = (
					"$(inherited)",
					"@executable_path/Frameworks",
				);
				MARKETING_VERSION = 1.0.0;
				PRODUCT_BUNDLE_IDENTIFIER = com.kscscafe.PlanktonQuiz;
				PRODUCT_NAME = "$(TARGET_NAME)";
				SWIFT_EMIT_LOC_STRINGS = YES;
				SWIFT_VERSION = 5.0;
				TARGETED_DEVICE_FAMILY = "1,2";
			};
			name = Debug;
		};
		F11F1C7A2D24FE2100A1DE10 /* Release */ = {
			isa = XCBuildConfiguration;
			buildSettings = {
				ASSETCATALOG_COMPILER_APPICON_NAME = AppIcon;
				ASSETCATALOG_COMPILER_GLOBAL_ACCENT_COLOR_NAME = AccentColor;
				CODE_SIGN_STYLE = Automatic;
				CURRENT_PROJECT_VERSION = 1.0.0;
				DEVELOPMENT_ASSET_PATHS = "\"PlanktonQuiz/Preview Content\"";
				DEVELOPMENT_TEAM = 6736RV7AWW;
				ENABLE_PREVIEWS = YES;
				GENERATE_INFOPLIST_FILE = YES;
				INFOPLIST_FILE = PlanktonQuiz/Info.plist;
				INFOPLIST_KEY_CFBundleDisplayName = "プランクトンクイズ";
				INFOPLIST_KEY_LSApplicationCategoryType = "public.app-category.education";
				INFOPLIST_KEY_UIApplicationSceneManifest_Generation = YES;
				INFOPLIST_KEY_UIApplicationSupportsIndirectInputEvents = YES;
				INFOPLIST_KEY_UILaunchScreen_Generation = YES;
				INFOPLIST_KEY_UILaunchStoryboardName = LaunchScreen;
				INFOPLIST_KEY_UISupportedInterfaceOrientations = UIInterfaceOrientationPortrait;
				INFOPLIST_KEY_UISupportedInterfaceOrientations_iPad = "UIInterfaceOrientationLandscapeLeft UIInterfaceOrientationLandscapeRight UIInterfaceOrientationPortrait UIInterfaceOrientationPortraitUpsideDown";
				INFOPLIST_KEY_UIUserInterfaceStyle = Light;
				IPHONEOS_DEPLOYMENT_TARGET = 17.0;
				LD_RUNPATH_SEARCH_PATHS = (
					"$(inherited)",
					"@executable_path/Frameworks",
				);
				MARKETING_VERSION = 1.0.0;
				PRODUCT_BUNDLE_IDENTIFIER = com.kscscafe.PlanktonQuiz;
				PRODUCT_NAME = "$(TARGET_NAME)";
				SWIFT_EMIT_LOC_STRINGS = YES;
				SWIFT_VERSION = 5.0;
				TARGETED_DEVICE_FAMILY = "1,2";
			};
			name = Release;
		};
/* End XCBuildConfiguration section */

/* Begin XCConfigurationList section */
		F11F1C652D24FE1E00A1DE10 /* Build configuration list for PBXProject "PlanktonQuiz" */ = {
			isa = XCConfigurationList;
			buildConfigurations = (
				F11F1C762D24FE2100A1DE10 /* Debug */,
				F11F1C772D24FE2100A1DE10 /* Release */,
			);
			defaultConfigurationIsVisible = 0;
			defaultConfigurationName = Release;
		};
		F11F1C782D24FE2100A1DE10 /* Build configuration list for PBXNativeTarget "PlanktonQuiz" */ = {
			isa = XCConfigurationList;
			buildConfigurations = (
				F11F1C792D24FE2100A1DE10 /* Debug */,
				F11F1C7A2D24FE2100A1DE10 /* Release */,
			);
			defaultConfigurationIsVisible = 0;
			defaultConfigurationName = Release;
		};
/* End XCConfigurationList section */
	};
	rootObject = F11F1C622D24FE1E00A1DE10 /* Project object */;
}
